{
  "name": "front",
  "version": "1.0.0",
  "lockfileVersion": 1,
  "requires": true,
  "dependencies": {
    "@babel/helper-plugin-utils": {
      "version": "7.0.0",
      "resolved": "https://registry.npmjs.org/@babel/helper-plugin-utils/-/helper-plugin-utils-7.0.0.tgz",
      "integrity": "sha512-CYAOUCARwExnEixLdB6sDm2dIJ/YgEAKDM1MOeMeZu9Ld/bDgVo8aiWrXwcY7OBh+1Ea2uUcVRcxKk0GJvW7QA==",
      "dev": true
    },
    "@babel/plugin-syntax-typescript": {
      "version": "7.3.3",
      "resolved": "https://registry.npmjs.org/@babel/plugin-syntax-typescript/-/plugin-syntax-typescript-7.3.3.tgz",
      "integrity": "sha512-dGwbSMA1YhVS8+31CnPR7LB4pcbrzcV99wQzby4uAfrkZPYZlQ7ImwdpzLqi6Z6IL02b8IAL379CaMwo0x5Lag==",
      "dev": true,
      "requires": {
        "@babel/helper-plugin-utils": "^7.0.0"
      }
    },
    "@babel/plugin-transform-typescript": {
      "version": "7.4.5",
      "resolved": "https://registry.npmjs.org/@babel/plugin-transform-typescript/-/plugin-transform-typescript-7.4.5.tgz",
      "integrity": "sha512-RPB/YeGr4ZrFKNwfuQRlMf2lxoCUaU01MTw39/OFE/RiL8HDjtn68BwEPft1P7JN4akyEmjGWAMNldOV7o9V2g==",
      "dev": true,
      "requires": {
        "@babel/helper-plugin-utils": "^7.0.0",
        "@babel/plugin-syntax-typescript": "^7.2.0"
      }
    },
    "@babel/preset-typescript": {
      "version": "7.3.3",
      "resolved": "https://registry.npmjs.org/@babel/preset-typescript/-/preset-typescript-7.3.3.tgz",
      "integrity": "sha512-mzMVuIP4lqtn4du2ynEfdO0+RYcslwrZiJHXu4MGaC1ctJiW2fyaeDrtjJGs7R/KebZ1sgowcIoWf4uRpEfKEg==",
      "dev": true,
      "requires": {
        "@babel/helper-plugin-utils": "^7.0.0",
        "@babel/plugin-transform-typescript": "^7.3.2"
      }
    },
    "@babel/runtime": {
      "version": "7.1.2",
      "resolved": "https://registry.npmjs.org/@babel/runtime/-/runtime-7.1.2.tgz",
      "integrity": "sha512-Y3SCjmhSupzFB6wcv1KmmFucH6gDVnI30WjOcicV10ju0cZjak3Jcs67YLIXBrmZYw1xCrVeJPbycFwrqNyxpg==",
      "requires": {
        "regenerator-runtime": "^0.12.0"
      }
    },
    "@emotion/hash": {
      "version": "0.7.1",
      "resolved": "https://registry.npmjs.org/@emotion/hash/-/hash-0.7.1.tgz",
      "integrity": "sha512-OYpa/Sg+2GDX+jibUfpZVn1YqSVRpYmTLF2eyAfrFTIJSbwyIrc+YscayoykvaOME/wV4BV0Sa0yqdMrgse6mA=="
    },
    "@material-ui/core": {
      "version": "4.0.0-rc.0",
      "resolved": "https://registry.npmjs.org/@material-ui/core/-/core-4.0.0-rc.0.tgz",
      "integrity": "sha512-DRaCGcXd+aQs98lLvmVBAAFxqsB6UEdGw5GLBTZlKKCpAXF2UuwWxqXfJiBIJXkT0aX9rMq9EgUfaq5vRIW+iA==",
      "requires": {
        "@babel/runtime": "^7.2.0",
        "@material-ui/styles": "^4.0.0-rc.0",
        "@material-ui/system": "^4.0.0-rc.0",
        "@material-ui/types": "^4.0.0-rc.0",
        "@material-ui/utils": "^4.0.0-rc.0",
        "@types/react-transition-group": "^2.0.16",
        "clsx": "^1.0.2",
        "convert-css-length": "^1.0.2",
        "csstype": "^2.5.2",
        "debounce": "^1.1.0",
        "deepmerge": "^3.0.0",
        "hoist-non-react-statics": "^3.2.1",
        "is-plain-object": "^2.0.4",
        "normalize-scroll-left": "^0.1.2",
        "popper.js": "^1.14.1",
        "prop-types": "^15.7.2",
        "react-event-listener": "^0.6.6",
        "react-transition-group": "^4.0.0",
        "warning": "^4.0.1"
      },
      "dependencies": {
        "@babel/runtime": {
          "version": "7.4.5",
          "resolved": "https://registry.npmjs.org/@babel/runtime/-/runtime-7.4.5.tgz",
          "integrity": "sha512-TuI4qpWZP6lGOGIuGWtp9sPluqYICmbk8T/1vpSysqJxRPkudh/ofFWyqdcMsDf2s7KvDL4/YHgKyvcS3g9CJQ==",
          "requires": {
            "regenerator-runtime": "^0.13.2"
          }
        },
        "prop-types": {
          "version": "15.7.2",
          "resolved": "https://registry.npmjs.org/prop-types/-/prop-types-15.7.2.tgz",
          "integrity": "sha512-8QQikdH7//R2vurIJSutZ1smHYTcLpRWEOlHnzcWHmBYrOGUysKwSsrC89BCiFj3CbrfJ/nXFdJepOVrY1GCHQ==",
          "requires": {
            "loose-envify": "^1.4.0",
            "object-assign": "^4.1.1",
            "react-is": "^16.8.1"
          }
        },
        "regenerator-runtime": {
          "version": "0.13.2",
          "resolved": "https://registry.npmjs.org/regenerator-runtime/-/regenerator-runtime-0.13.2.tgz",
          "integrity": "sha512-S/TQAZJO+D3m9xeN1WTI8dLKBBiRgXBlTJvbWjCThHWZj9EvHK70Ff50/tYj2J/fvBY6JtFVwRuazHN2E7M9BA=="
        }
      }
    },
    "@material-ui/icons": {
      "version": "4.0.1",
      "resolved": "https://registry.npmjs.org/@material-ui/icons/-/icons-4.0.1.tgz",
      "integrity": "sha512-03zUfksGXXbaWX2piB1LCmC28eydlT8ah8MbYT4n4mgiX9BTL4HH50lkFn9JIJJSk2oO5kRy4FvpXRGRBI+oxw==",
      "requires": {
        "@babel/runtime": "^7.2.0"
      },
      "dependencies": {
        "@babel/runtime": {
          "version": "7.4.5",
          "resolved": "https://registry.npmjs.org/@babel/runtime/-/runtime-7.4.5.tgz",
          "integrity": "sha512-TuI4qpWZP6lGOGIuGWtp9sPluqYICmbk8T/1vpSysqJxRPkudh/ofFWyqdcMsDf2s7KvDL4/YHgKyvcS3g9CJQ==",
          "requires": {
            "regenerator-runtime": "^0.13.2"
          }
        },
        "regenerator-runtime": {
          "version": "0.13.2",
          "resolved": "https://registry.npmjs.org/regenerator-runtime/-/regenerator-runtime-0.13.2.tgz",
          "integrity": "sha512-S/TQAZJO+D3m9xeN1WTI8dLKBBiRgXBlTJvbWjCThHWZj9EvHK70Ff50/tYj2J/fvBY6JtFVwRuazHN2E7M9BA=="
        }
      }
    },
    "@material-ui/styles": {
      "version": "4.0.1",
      "resolved": "https://registry.npmjs.org/@material-ui/styles/-/styles-4.0.1.tgz",
      "integrity": "sha512-SywkWzBzXvm9dUY2rtmzTc/FTlKGctVYGb8hzPZyHU3OI4X9jQH4YnR/OiqTwg4jNpFnASJX5rW1rEUJM+ZnhA==",
      "requires": {
        "@babel/runtime": "^7.2.0",
        "@emotion/hash": "^0.7.1",
        "@material-ui/types": "^4.0.1",
        "@material-ui/utils": "^4.0.1",
        "clsx": "^1.0.2",
        "deepmerge": "^3.0.0",
        "hoist-non-react-statics": "^3.2.1",
        "jss": "^10.0.0-alpha.16",
        "jss-plugin-camel-case": "^10.0.0-alpha.16",
        "jss-plugin-default-unit": "^10.0.0-alpha.16",
        "jss-plugin-global": "^10.0.0-alpha.16",
        "jss-plugin-nested": "^10.0.0-alpha.16",
        "jss-plugin-props-sort": "^10.0.0-alpha.16",
        "jss-plugin-rule-value-function": "^10.0.0-alpha.16",
        "jss-plugin-vendor-prefixer": "^10.0.0-alpha.16",
        "prop-types": "^15.7.2",
        "warning": "^4.0.1"
      },
      "dependencies": {
        "@babel/runtime": {
          "version": "7.4.5",
          "resolved": "https://registry.npmjs.org/@babel/runtime/-/runtime-7.4.5.tgz",
          "integrity": "sha512-TuI4qpWZP6lGOGIuGWtp9sPluqYICmbk8T/1vpSysqJxRPkudh/ofFWyqdcMsDf2s7KvDL4/YHgKyvcS3g9CJQ==",
          "requires": {
            "regenerator-runtime": "^0.13.2"
          }
        },
        "prop-types": {
          "version": "15.7.2",
          "resolved": "https://registry.npmjs.org/prop-types/-/prop-types-15.7.2.tgz",
          "integrity": "sha512-8QQikdH7//R2vurIJSutZ1smHYTcLpRWEOlHnzcWHmBYrOGUysKwSsrC89BCiFj3CbrfJ/nXFdJepOVrY1GCHQ==",
          "requires": {
            "loose-envify": "^1.4.0",
            "object-assign": "^4.1.1",
            "react-is": "^16.8.1"
          }
        },
        "regenerator-runtime": {
          "version": "0.13.2",
          "resolved": "https://registry.npmjs.org/regenerator-runtime/-/regenerator-runtime-0.13.2.tgz",
          "integrity": "sha512-S/TQAZJO+D3m9xeN1WTI8dLKBBiRgXBlTJvbWjCThHWZj9EvHK70Ff50/tYj2J/fvBY6JtFVwRuazHN2E7M9BA=="
        }
      }
    },
    "@material-ui/system": {
      "version": "4.0.1",
      "resolved": "https://registry.npmjs.org/@material-ui/system/-/system-4.0.1.tgz",
      "integrity": "sha512-NlMF4jZk1xx7taUOT+QhrJw7v7uUi9Ae+G8C8fowGgP5x04whxOuSuSmN9a8u2j7dc8XqahR0OJeA6Xch8ymog==",
      "requires": {
        "@babel/runtime": "^7.2.0",
        "deepmerge": "^3.0.0",
        "prop-types": "^15.7.2",
        "warning": "^4.0.1"
      },
      "dependencies": {
        "@babel/runtime": {
          "version": "7.4.5",
          "resolved": "https://registry.npmjs.org/@babel/runtime/-/runtime-7.4.5.tgz",
          "integrity": "sha512-TuI4qpWZP6lGOGIuGWtp9sPluqYICmbk8T/1vpSysqJxRPkudh/ofFWyqdcMsDf2s7KvDL4/YHgKyvcS3g9CJQ==",
          "requires": {
            "regenerator-runtime": "^0.13.2"
          }
        },
        "prop-types": {
          "version": "15.7.2",
          "resolved": "https://registry.npmjs.org/prop-types/-/prop-types-15.7.2.tgz",
          "integrity": "sha512-8QQikdH7//R2vurIJSutZ1smHYTcLpRWEOlHnzcWHmBYrOGUysKwSsrC89BCiFj3CbrfJ/nXFdJepOVrY1GCHQ==",
          "requires": {
            "loose-envify": "^1.4.0",
            "object-assign": "^4.1.1",
            "react-is": "^16.8.1"
          }
        },
        "regenerator-runtime": {
          "version": "0.13.2",
          "resolved": "https://registry.npmjs.org/regenerator-runtime/-/regenerator-runtime-0.13.2.tgz",
          "integrity": "sha512-S/TQAZJO+D3m9xeN1WTI8dLKBBiRgXBlTJvbWjCThHWZj9EvHK70Ff50/tYj2J/fvBY6JtFVwRuazHN2E7M9BA=="
        }
      }
    },
    "@material-ui/types": {
      "version": "4.0.1",
      "resolved": "https://registry.npmjs.org/@material-ui/types/-/types-4.0.1.tgz",
      "integrity": "sha512-FGhogU9l4s+ycMcC3hhOAvu5hcWa5TVSCCGUf4NOUF904ythroWSAvcCHn92NjftXZ8WZqmtPjL1K/d90Pq/3Q=="
    },
    "@material-ui/utils": {
      "version": "4.0.1",
      "resolved": "https://registry.npmjs.org/@material-ui/utils/-/utils-4.0.1.tgz",
      "integrity": "sha512-mWRcMQIrqsXGze73tx3hNfB1NUu+BL/oIQI7TImyuhsia1EQXw3bPVBjgwTzqM6MqfXw6eh1fR45Di+WN5hASA==",
      "requires": {
        "@babel/runtime": "^7.2.0",
        "prop-types": "^15.7.2",
        "react-is": "^16.8.0"
      },
      "dependencies": {
        "@babel/runtime": {
          "version": "7.4.5",
          "resolved": "https://registry.npmjs.org/@babel/runtime/-/runtime-7.4.5.tgz",
          "integrity": "sha512-TuI4qpWZP6lGOGIuGWtp9sPluqYICmbk8T/1vpSysqJxRPkudh/ofFWyqdcMsDf2s7KvDL4/YHgKyvcS3g9CJQ==",
          "requires": {
            "regenerator-runtime": "^0.13.2"
          }
        },
        "prop-types": {
          "version": "15.7.2",
          "resolved": "https://registry.npmjs.org/prop-types/-/prop-types-15.7.2.tgz",
          "integrity": "sha512-8QQikdH7//R2vurIJSutZ1smHYTcLpRWEOlHnzcWHmBYrOGUysKwSsrC89BCiFj3CbrfJ/nXFdJepOVrY1GCHQ==",
          "requires": {
            "loose-envify": "^1.4.0",
            "object-assign": "^4.1.1",
            "react-is": "^16.8.1"
          }
        },
        "regenerator-runtime": {
          "version": "0.13.2",
          "resolved": "https://registry.npmjs.org/regenerator-runtime/-/regenerator-runtime-0.13.2.tgz",
          "integrity": "sha512-S/TQAZJO+D3m9xeN1WTI8dLKBBiRgXBlTJvbWjCThHWZj9EvHK70Ff50/tYj2J/fvBY6JtFVwRuazHN2E7M9BA=="
        }
      }
    },
    "@next/env": {
      "version": "13.1.1",
      "resolved": "https://registry.npmjs.org/@next/env/-/env-13.1.1.tgz",
      "integrity": "sha512-vFMyXtPjSAiOXOywMojxfKIqE3VWN5RCAx+tT3AS3pcKjMLFTCJFUWsKv8hC+87Z1F4W3r68qTwDFZIFmd5Xkw=="
    },
    "@next/swc-android-arm-eabi": {
      "version": "13.1.1",
      "resolved": "https://registry.npmjs.org/@next/swc-android-arm-eabi/-/swc-android-arm-eabi-13.1.1.tgz",
      "integrity": "sha512-qnFCx1kT3JTWhWve4VkeWuZiyjG0b5T6J2iWuin74lORCupdrNukxkq9Pm+Z7PsatxuwVJMhjUoYz7H4cWzx2A==",
      "optional": true
    },
    "@next/swc-android-arm64": {
      "version": "13.1.1",
      "resolved": "https://registry.npmjs.org/@next/swc-android-arm64/-/swc-android-arm64-13.1.1.tgz",
      "integrity": "sha512-eCiZhTzjySubNqUnNkQCjU3Fh+ep3C6b5DCM5FKzsTH/3Gr/4Y7EiaPZKILbvnXmhWtKPIdcY6Zjx51t4VeTfA==",
      "optional": true
    },
    "@next/swc-darwin-arm64": {
      "version": "13.1.1",
      "resolved": "https://registry.npmjs.org/@next/swc-darwin-arm64/-/swc-darwin-arm64-13.1.1.tgz",
      "integrity": "sha512-9zRJSSIwER5tu9ADDkPw5rIZ+Np44HTXpYMr0rkM656IvssowPxmhK0rTreC1gpUCYwFsRbxarUJnJsTWiutPg==",
      "optional": true
    },
    "@next/swc-darwin-x64": {
      "version": "13.1.1",
      "resolved": "https://registry.npmjs.org/@next/swc-darwin-x64/-/swc-darwin-x64-13.1.1.tgz",
      "integrity": "sha512-qWr9qEn5nrnlhB0rtjSdR00RRZEtxg4EGvicIipqZWEyayPxhUu6NwKiG8wZiYZCLfJ5KWr66PGSNeDMGlNaiA==",
      "optional": true
    },
    "@next/swc-freebsd-x64": {
      "version": "13.1.1",
      "resolved": "https://registry.npmjs.org/@next/swc-freebsd-x64/-/swc-freebsd-x64-13.1.1.tgz",
      "integrity": "sha512-UwP4w/NcQ7V/VJEj3tGVszgb4pyUCt3lzJfUhjDMUmQbzG9LDvgiZgAGMYH6L21MoyAATJQPDGiAMWAPKsmumA==",
      "optional": true
    },
    "@next/swc-linux-arm-gnueabihf": {
      "version": "13.1.1",
      "resolved": "https://registry.npmjs.org/@next/swc-linux-arm-gnueabihf/-/swc-linux-arm-gnueabihf-13.1.1.tgz",
      "integrity": "sha512-CnsxmKHco9sosBs1XcvCXP845Db+Wx1G0qouV5+Gr+HT/ZlDYEWKoHVDgnJXLVEQzq4FmHddBNGbXvgqM1Gfkg==",
      "optional": true
    },
    "@next/swc-linux-arm64-gnu": {
      "version": "13.1.1",
      "resolved": "https://registry.npmjs.org/@next/swc-linux-arm64-gnu/-/swc-linux-arm64-gnu-13.1.1.tgz",
      "integrity": "sha512-JfDq1eri5Dif+VDpTkONRd083780nsMCOKoFG87wA0sa4xL8LGcXIBAkUGIC1uVy9SMsr2scA9CySLD/i+Oqiw==",
      "optional": true
    },
    "@next/swc-linux-arm64-musl": {
      "version": "13.1.1",
      "resolved": "https://registry.npmjs.org/@next/swc-linux-arm64-musl/-/swc-linux-arm64-musl-13.1.1.tgz",
      "integrity": "sha512-GA67ZbDq2AW0CY07zzGt07M5b5Yaq5qUpFIoW3UFfjOPgb0Sqf3DAW7GtFMK1sF4ROHsRDMGQ9rnT0VM2dVfKA==",
      "optional": true
    },
    "@next/swc-linux-x64-gnu": {
      "version": "13.1.1",
      "resolved": "https://registry.npmjs.org/@next/swc-linux-x64-gnu/-/swc-linux-x64-gnu-13.1.1.tgz",
      "integrity": "sha512-nnjuBrbzvqaOJaV+XgT8/+lmXrSCOt1YYZn/irbDb2fR2QprL6Q7WJNgwsZNxiLSfLdv+2RJGGegBx9sLBEzGA==",
      "optional": true
    },
    "@next/swc-linux-x64-musl": {
      "version": "13.1.1",
      "resolved": "https://registry.npmjs.org/@next/swc-linux-x64-musl/-/swc-linux-x64-musl-13.1.1.tgz",
      "integrity": "sha512-CM9xnAQNIZ8zf/igbIT/i3xWbQZYaF397H+JroF5VMOCUleElaMdQLL5riJml8wUfPoN3dtfn2s4peSr3azz/g==",
      "optional": true
    },
    "@next/swc-win32-arm64-msvc": {
      "version": "13.1.1",
      "resolved": "https://registry.npmjs.org/@next/swc-win32-arm64-msvc/-/swc-win32-arm64-msvc-13.1.1.tgz",
      "integrity": "sha512-pzUHOGrbgfGgPlOMx9xk3QdPJoRPU+om84hqVoe6u+E0RdwOG0Ho/2UxCgDqmvpUrMab1Deltlt6RqcXFpnigQ==",
      "optional": true
    },
    "@next/swc-win32-ia32-msvc": {
      "version": "13.1.1",
      "resolved": "https://registry.npmjs.org/@next/swc-win32-ia32-msvc/-/swc-win32-ia32-msvc-13.1.1.tgz",
      "integrity": "sha512-WeX8kVS46aobM9a7Xr/kEPcrTyiwJqQv/tbw6nhJ4fH9xNZ+cEcyPoQkwPo570dCOLz3Zo9S2q0E6lJ/EAUOBg==",
      "optional": true
    },
    "@next/swc-win32-x64-msvc": {
      "version": "13.1.1",
      "resolved": "https://registry.npmjs.org/@next/swc-win32-x64-msvc/-/swc-win32-x64-msvc-13.1.1.tgz",
      "integrity": "sha512-mVF0/3/5QAc5EGVnb8ll31nNvf3BWpPY4pBb84tk+BfQglWLqc5AC9q1Ht/YMWiEgs8ALNKEQ3GQnbY0bJF2Gg==",
      "optional": true
    },
    "@swc/helpers": {
      "version": "0.4.14",
      "resolved": "https://registry.npmjs.org/@swc/helpers/-/helpers-0.4.14.tgz",
      "integrity": "sha512-4C7nX/dvpzB7za4Ql9K81xK3HPxCpHMgwTZVyf+9JQ6VUbn9jjZVN7/Nkdz/Ugzs2CSjqnL/UPXroiVBVHUWUw==",
      "requires": {
        "tslib": "^2.4.0"
      }
    },
    "@types/anymatch": {
      "version": "1.3.1",
      "resolved": "https://registry.npmjs.org/@types/anymatch/-/anymatch-1.3.1.tgz",
      "integrity": "sha512-/+CRPXpBDpo2RK9C68N3b2cOvO0Cf5B9aPijHsoDQTHivnGSObdOF2BRQOYjojWTDy6nQvMjmqRXIxH55VjxxA==",
      "dev": true
    },
    "@types/next": {
      "version": "8.0.5",
      "resolved": "https://registry.npmjs.org/@types/next/-/next-8.0.5.tgz",
      "integrity": "sha512-JZVgbTPuptXEwu2pi928bG0WJARCInJEu9CW6wh0veKGkE2zWNvr9SSb4+7NN2ffNlTPRv9MMS3AE4cTI69HmA==",
      "dev": true,
      "requires": {
        "@types/next-server": "*",
        "@types/node": "*",
        "@types/node-fetch": "*",
        "@types/react": "*"
      }
    },
    "@types/next-server": {
      "version": "8.1.1",
      "resolved": "https://registry.npmjs.org/@types/next-server/-/next-server-8.1.1.tgz",
      "integrity": "sha512-R9NbH5pcZSNx2mUkAlyqhP8RQDJIeugZm68AqZlrgRAKO3KqZAMiynqUv8bqm5zDw4nLy7OlD/ELUEP/iyVnsw==",
      "dev": true,
      "requires": {
        "@types/next": "*",
        "@types/node": "*",
        "@types/react": "*",
        "@types/react-loadable": "*"
      }
    },
    "@types/node": {
      "version": "12.0.4",
      "resolved": "https://registry.npmjs.org/@types/node/-/node-12.0.4.tgz",
      "integrity": "sha512-j8YL2C0fXq7IONwl/Ud5Kt0PeXw22zGERt+HSSnwbKOJVsAGkEz3sFCYwaF9IOuoG1HOtE0vKCj6sXF7Q0+Vaw==",
      "dev": true
    },
    "@types/node-fetch": {
      "version": "2.3.4",
      "resolved": "https://registry.npmjs.org/@types/node-fetch/-/node-fetch-2.3.4.tgz",
      "integrity": "sha512-ZwGXz5osL88SF+jlbbz0WJlINlOZHoSWPrLytQRWRdB6j/KVLup1OoqIxnjO6q9ToqEEP3MZFzJCotgge+IiRw==",
      "dev": true,
      "requires": {
        "@types/node": "*"
      }
    },
    "@types/prop-types": {
      "version": "15.7.1",
      "resolved": "https://registry.npmjs.org/@types/prop-types/-/prop-types-15.7.1.tgz",
      "integrity": "sha512-CFzn9idOEpHrgdw8JsoTkaDDyRWk1jrzIV8djzcgpq0y9tG4B4lFT+Nxh52DVpDXV+n4+NPNv7M1Dj5uMp6XFg=="
    },
    "@types/react": {
      "version": "16.8.19",
      "resolved": "https://registry.npmjs.org/@types/react/-/react-16.8.19.tgz",
      "integrity": "sha512-QzEzjrd1zFzY9cDlbIiFvdr+YUmefuuRYrPxmkwG0UQv5XF35gFIi7a95m1bNVcFU0VimxSZ5QVGSiBmlggQXQ==",
      "requires": {
        "@types/prop-types": "*",
        "csstype": "^2.2.0"
      }
    },
    "@types/react-dom": {
      "version": "16.8.4",
      "resolved": "https://registry.npmjs.org/@types/react-dom/-/react-dom-16.8.4.tgz",
      "integrity": "sha512-eIRpEW73DCzPIMaNBDP5pPIpK1KXyZwNgfxiVagb5iGiz6da+9A5hslSX6GAQKdO7SayVCS/Fr2kjqprgAvkfA==",
      "dev": true,
      "requires": {
        "@types/react": "*"
      }
    },
    "@types/react-loadable": {
      "version": "5.5.1",
      "resolved": "https://registry.npmjs.org/@types/react-loadable/-/react-loadable-5.5.1.tgz",
      "integrity": "sha512-PSmh6IT9vHeO9QjhApMMiJ65T0Amrpf3fom+04ur872IdgCZK9MzjeN3Q11bzgQMkrV448sbT8WopQw9o0LX1g==",
      "dev": true,
      "requires": {
        "@types/react": "*",
        "@types/webpack": "*"
      }
    },
    "@types/react-transition-group": {
      "version": "2.9.1",
      "resolved": "https://registry.npmjs.org/@types/react-transition-group/-/react-transition-group-2.9.1.tgz",
      "integrity": "sha512-1usq4DRUVBFnxc9KGJAlJO9EpQrLZGDDEC8wDOn2+2ODSyudYo8FiIzPDRaX/hfQjHqGeeoNaNdA2bj0l35hZQ==",
      "requires": {
        "@types/react": "*"
      }
    },
    "@types/tapable": {
      "version": "1.0.4",
      "resolved": "https://registry.npmjs.org/@types/tapable/-/tapable-1.0.4.tgz",
      "integrity": "sha512-78AdXtlhpCHT0K3EytMpn4JNxaf5tbqbLcbIRoQIHzpTIyjpxLQKRoxU55ujBXAtg3Nl2h/XWvfDa9dsMOd0pQ==",
      "dev": true
    },
    "@types/uglify-js": {
      "version": "3.0.4",
      "resolved": "https://registry.npmjs.org/@types/uglify-js/-/uglify-js-3.0.4.tgz",
      "integrity": "sha512-SudIN9TRJ+v8g5pTG8RRCqfqTMNqgWCKKd3vtynhGzkIIjxaicNAMuY5TRadJ6tzDu3Dotf3ngaMILtmOdmWEQ==",
      "dev": true,
      "requires": {
        "source-map": "^0.6.1"
      }
    },
    "@types/webpack": {
      "version": "4.4.32",
      "resolved": "https://registry.npmjs.org/@types/webpack/-/webpack-4.4.32.tgz",
      "integrity": "sha512-mNARoaSJTzbiHxtZbf9NULFilu2frqD+g9Iyl9V2jPYJWXi+AC3Hz8lQWPZ5LLtgUm7iF4SDDMB/1bPrbRQgFw==",
      "dev": true,
      "requires": {
        "@types/anymatch": "*",
        "@types/node": "*",
        "@types/tapable": "*",
        "@types/uglify-js": "*",
        "source-map": "^0.6.0"
      }
    },
    "@zeit/next-typescript": {
      "version": "1.1.1",
      "resolved": "https://registry.npmjs.org/@zeit/next-typescript/-/next-typescript-1.1.1.tgz",
      "integrity": "sha512-EUcHCASftz1Bc80djkf3cKJrFgvFQyODOH1kty7ShVLLdXMaZpRLj+z7RxrCoNo1bP06w0vtXEDU0cKa0HmGgg==",
      "dev": true,
      "requires": {
        "@babel/preset-typescript": "^7.0.0"
      }
    },
    "axios": {
      "version": "0.19.0",
      "resolved": "https://registry.npmjs.org/axios/-/axios-0.19.0.tgz",
      "integrity": "sha512-1uvKqKQta3KBxIz14F2v06AEHZ/dIoeKfbTRkK1E5oqjDnuEerLmYTgJB5AiQZHJcljpg1TuRzdjDR06qNk0DQ==",
      "requires": {
        "follow-redirects": "1.5.10",
        "is-buffer": "^2.0.2"
      },
      "dependencies": {
        "is-buffer": {
          "version": "2.0.3",
          "resolved": "https://registry.npmjs.org/is-buffer/-/is-buffer-2.0.3.tgz",
          "integrity": "sha512-U15Q7MXTuZlrbymiz95PJpZxu8IlipAp4dtS3wOdgPXx3mqBnslrWU14kxfHB+Py/+2PVKSr37dMAgM2A4uArw=="
        }
      }
    },
    "caniuse-lite": {
      "version": "1.0.30001441",
      "resolved": "https://registry.npmjs.org/caniuse-lite/-/caniuse-lite-1.0.30001441.tgz",
      "integrity": "sha512-OyxRR4Vof59I3yGWXws6i908EtGbMzVUi3ganaZQHmydk1iwDhRnvaPG2WaR0KcqrDFKrxVZHULT396LEPhXfg=="
    },
    "client-only": {
      "version": "0.0.1",
      "resolved": "https://registry.npmjs.org/client-only/-/client-only-0.0.1.tgz",
      "integrity": "sha512-IV3Ou0jSMzZrd3pZ48nLkT9DA7Ag1pnPzaiQhpW7c3RbcqqzvzzVu+L8gfqMp/8IM2MQtSiqaCxrrcfu8I8rMA=="
    },
    "clsx": {
      "version": "1.0.4",
      "resolved": "https://registry.npmjs.org/clsx/-/clsx-1.0.4.tgz",
      "integrity": "sha512-1mQ557MIZTrL/140j+JVdRM6e31/OA4vTYxXgqIIZlndyfjHpyawKZia1Im05Vp9BWmImkcNrNtFYQMyFcgJDg=="
    },
    "console-polyfill": {
      "version": "0.1.2",
      "resolved": "https://registry.npmjs.org/console-polyfill/-/console-polyfill-0.1.2.tgz",
      "integrity": "sha1-ls/tUcr3gYn2mVcubxgnHcN8DjA="
    },
    "convert-css-length": {
      "version": "1.0.2",
      "resolved": "https://registry.npmjs.org/convert-css-length/-/convert-css-length-1.0.2.tgz",
      "integrity": "sha512-ecV7j3hXyXN1X2XfJBzhMR0o1Obv0v3nHmn0UiS3ACENrzbxE/EknkiunS/fCwQva0U62X1GChi8GaPh4oTlLg==",
      "requires": {
        "console-polyfill": "^0.1.2",
        "parse-unit": "^1.0.1"
      }
    },
    "css-vendor": {
      "version": "2.0.2",
      "resolved": "https://registry.npmjs.org/css-vendor/-/css-vendor-2.0.2.tgz",
      "integrity": "sha512-Xn5ZAlI00d8HaQ8/oQ8d+iBzSF//NCc77LPzsucM32X/R/yTqmXy6otVsAM0XleXk6HjPuXoVZwXsayky/fsFQ==",
      "requires": {
        "@babel/runtime": "^7.3.1",
        "is-in-browser": "^1.0.2"
      },
      "dependencies": {
        "@babel/runtime": {
          "version": "7.4.5",
          "resolved": "https://registry.npmjs.org/@babel/runtime/-/runtime-7.4.5.tgz",
          "integrity": "sha512-TuI4qpWZP6lGOGIuGWtp9sPluqYICmbk8T/1vpSysqJxRPkudh/ofFWyqdcMsDf2s7KvDL4/YHgKyvcS3g9CJQ==",
          "requires": {
            "regenerator-runtime": "^0.13.2"
          }
        },
        "regenerator-runtime": {
          "version": "0.13.2",
          "resolved": "https://registry.npmjs.org/regenerator-runtime/-/regenerator-runtime-0.13.2.tgz",
          "integrity": "sha512-S/TQAZJO+D3m9xeN1WTI8dLKBBiRgXBlTJvbWjCThHWZj9EvHK70Ff50/tYj2J/fvBY6JtFVwRuazHN2E7M9BA=="
        }
      }
    },
    "csstype": {
      "version": "2.6.5",
      "resolved": "https://registry.npmjs.org/csstype/-/csstype-2.6.5.tgz",
      "integrity": "sha512-JsTaiksRsel5n7XwqPAfB0l3TFKdpjW/kgAELf9vrb5adGA7UCPLajKK5s3nFrcFm3Rkyp/Qkgl73ENc1UY3cA=="
    },
    "debounce": {
      "version": "1.2.0",
      "resolved": "https://registry.npmjs.org/debounce/-/debounce-1.2.0.tgz",
      "integrity": "sha512-mYtLl1xfZLi1m4RtQYlZgJUNQjl4ZxVnHzIR8nLLgi4q1YT8o/WM+MK/f8yfcc9s5Ir5zRaPZyZU6xs1Syoocg=="
    },
    "deepmerge": {
      "version": "3.2.0",
      "resolved": "https://registry.npmjs.org/deepmerge/-/deepmerge-3.2.0.tgz",
      "integrity": "sha512-6+LuZGU7QCNUnAJyX8cIrlzoEgggTM6B7mm+znKOX4t5ltluT9KLjN6g61ECMS0LTsLW7yDpNoxhix5FZcrIow=="
    },
    "dom-helpers": {
      "version": "3.4.0",
      "resolved": "https://registry.npmjs.org/dom-helpers/-/dom-helpers-3.4.0.tgz",
      "integrity": "sha512-LnuPJ+dwqKDIyotW1VzmOZ5TONUN7CwkCR5hrgawTUbkBGYdeoNLZo6nNfGkCrjtE1nXXaj7iMMpDa8/d9WoIA==",
      "requires": {
        "@babel/runtime": "^7.1.2"
      }
    },
    "follow-redirects": {
      "version": "1.5.10",
      "resolved": "https://registry.npmjs.org/follow-redirects/-/follow-redirects-1.5.10.tgz",
      "integrity": "sha512-0V5l4Cizzvqt5D44aTXbFZz+FtyXV1vrDN6qrelxtfYQKW0KO0W2T/hkE8xvGa/540LkZlkaUjO4ailYTFtHVQ==",
      "requires": {
        "debug": "=3.1.0"
      },
      "dependencies": {
        "debug": {
          "version": "3.1.0",
          "resolved": "https://registry.npmjs.org/debug/-/debug-3.1.0.tgz",
          "integrity": "sha512-OX8XqP7/1a9cqkxYw2yXss15f26NKWBpDXQd0/uK/KPqdQhxbPa994hnzjcE2VqQpDslf55723cKPUOGSmMY3g==",
          "requires": {
            "ms": "2.0.0"
          }
        },
        "ms": {
          "version": "2.0.0",
          "resolved": "https://registry.npmjs.org/ms/-/ms-2.0.0.tgz",
          "integrity": "sha1-VgiurfwAvmwpAd9fmGF4jeDVl8g="
        }
      }
    },
    "form-serialize": {
      "version": "0.7.2",
      "resolved": "https://registry.npmjs.org/form-serialize/-/form-serialize-0.7.2.tgz",
      "integrity": "sha1-sKL/DCICb7bT0VydM/beakMuRzI="
    },
    "hoist-non-react-statics": {
      "version": "3.3.0",
      "resolved": "https://registry.npmjs.org/hoist-non-react-statics/-/hoist-non-react-statics-3.3.0.tgz",
      "integrity": "sha512-0XsbTXxgiaCDYDIWFcwkmerZPSwywfUqYmwT4jzewKTQSWoE6FCMoUVOeBJWK3E/CrWbxRG3m5GzY4lnIwGRBA==",
      "requires": {
        "react-is": "^16.7.0"
      }
    },
    "hyphenate-style-name": {
      "version": "1.0.3",
      "resolved": "https://registry.npmjs.org/hyphenate-style-name/-/hyphenate-style-name-1.0.3.tgz",
      "integrity": "sha512-EcuixamT82oplpoJ2XU4pDtKGWQ7b00CD9f1ug9IaQ3p1bkHMiKCZ9ut9QDI6qsa6cpUuB+A/I+zLtdNK4n2DQ=="
    },
    "is-in-browser": {
      "version": "1.1.3",
      "resolved": "https://registry.npmjs.org/is-in-browser/-/is-in-browser-1.1.3.tgz",
      "integrity": "sha1-Vv9NtoOgeMYILrldrX3GLh0E+DU="
    },
    "is-plain-object": {
      "version": "2.0.4",
      "resolved": "https://registry.npmjs.org/is-plain-object/-/is-plain-object-2.0.4.tgz",
      "integrity": "sha512-h5PpgXkWitc38BBMYawTYMWJHFZJVnBquFE57xFpjB8pJFiF6gZ+bU+WyI/yqXiFR5mdLsgYNaPe8uao6Uv9Og==",
      "requires": {
        "isobject": "^3.0.1"
      }
    },
    "isobject": {
      "version": "3.0.1",
      "resolved": "https://registry.npmjs.org/isobject/-/isobject-3.0.1.tgz",
      "integrity": "sha1-TkMekrEalzFjaqH5yNHMvP2reN8="
    },
    "js-tokens": {
      "version": "4.0.0",
      "resolved": "https://registry.npmjs.org/js-tokens/-/js-tokens-4.0.0.tgz",
      "integrity": "sha512-RdJUflcE3cUzKiMqQgsCu06FPu9UdIJO0beYbPhHN4k6apgJtifcoCtT9bcxOpYBtpD2kCM6Sbzg4CausW/PKQ=="
    },
    "jss": {
      "version": "10.0.0-alpha.16",
      "resolved": "https://registry.npmjs.org/jss/-/jss-10.0.0-alpha.16.tgz",
      "integrity": "sha512-HmKNNnr82TR5jkWjBcbrx/uim2ief588pWp7zsf4GQpL125zRkEaWYL1SXv5bR6bBvAoTtvJsTAOxDIlLxUNZg==",
      "requires": {
        "@babel/runtime": "^7.3.1",
        "is-in-browser": "^1.1.3",
        "tiny-warning": "^1.0.2"
      },
      "dependencies": {
        "@babel/runtime": {
          "version": "7.4.5",
          "resolved": "https://registry.npmjs.org/@babel/runtime/-/runtime-7.4.5.tgz",
          "integrity": "sha512-TuI4qpWZP6lGOGIuGWtp9sPluqYICmbk8T/1vpSysqJxRPkudh/ofFWyqdcMsDf2s7KvDL4/YHgKyvcS3g9CJQ==",
          "requires": {
            "regenerator-runtime": "^0.13.2"
          }
        },
        "regenerator-runtime": {
          "version": "0.13.2",
          "resolved": "https://registry.npmjs.org/regenerator-runtime/-/regenerator-runtime-0.13.2.tgz",
          "integrity": "sha512-S/TQAZJO+D3m9xeN1WTI8dLKBBiRgXBlTJvbWjCThHWZj9EvHK70Ff50/tYj2J/fvBY6JtFVwRuazHN2E7M9BA=="
        }
      }
    },
    "jss-plugin-camel-case": {
      "version": "10.0.0-alpha.16",
      "resolved": "https://registry.npmjs.org/jss-plugin-camel-case/-/jss-plugin-camel-case-10.0.0-alpha.16.tgz",
      "integrity": "sha512-nki+smHEsFyoZ0OlOYtaxVqcQA0ZHVJCE1slRnk+1TklbmxbBiO4TwITMTEaNIDv0U0Uyb0Z8wVgFgRwCCIFog==",
      "requires": {
        "@babel/runtime": "^7.3.1",
        "hyphenate-style-name": "^1.0.3",
        "jss": "10.0.0-alpha.16"
      },
      "dependencies": {
        "@babel/runtime": {
          "version": "7.4.5",
          "resolved": "https://registry.npmjs.org/@babel/runtime/-/runtime-7.4.5.tgz",
          "integrity": "sha512-TuI4qpWZP6lGOGIuGWtp9sPluqYICmbk8T/1vpSysqJxRPkudh/ofFWyqdcMsDf2s7KvDL4/YHgKyvcS3g9CJQ==",
          "requires": {
            "regenerator-runtime": "^0.13.2"
          }
        },
        "regenerator-runtime": {
          "version": "0.13.2",
          "resolved": "https://registry.npmjs.org/regenerator-runtime/-/regenerator-runtime-0.13.2.tgz",
          "integrity": "sha512-S/TQAZJO+D3m9xeN1WTI8dLKBBiRgXBlTJvbWjCThHWZj9EvHK70Ff50/tYj2J/fvBY6JtFVwRuazHN2E7M9BA=="
        }
      }
    },
    "jss-plugin-default-unit": {
      "version": "10.0.0-alpha.16",
      "resolved": "https://registry.npmjs.org/jss-plugin-default-unit/-/jss-plugin-default-unit-10.0.0-alpha.16.tgz",
      "integrity": "sha512-jjGW4F/r9yKvoyUk22M8nWhdMfvoWzJw/oFO2cDRXCk2onnWFiRALfqeUsEDyocwdZbyVF9WhZbSHn4GL03kSw==",
      "requires": {
        "@babel/runtime": "^7.3.1",
        "jss": "10.0.0-alpha.16"
      },
      "dependencies": {
        "@babel/runtime": {
          "version": "7.4.5",
          "resolved": "https://registry.npmjs.org/@babel/runtime/-/runtime-7.4.5.tgz",
          "integrity": "sha512-TuI4qpWZP6lGOGIuGWtp9sPluqYICmbk8T/1vpSysqJxRPkudh/ofFWyqdcMsDf2s7KvDL4/YHgKyvcS3g9CJQ==",
          "requires": {
            "regenerator-runtime": "^0.13.2"
          }
        },
        "regenerator-runtime": {
          "version": "0.13.2",
          "resolved": "https://registry.npmjs.org/regenerator-runtime/-/regenerator-runtime-0.13.2.tgz",
          "integrity": "sha512-S/TQAZJO+D3m9xeN1WTI8dLKBBiRgXBlTJvbWjCThHWZj9EvHK70Ff50/tYj2J/fvBY6JtFVwRuazHN2E7M9BA=="
        }
      }
    },
    "jss-plugin-global": {
      "version": "10.0.0-alpha.16",
      "resolved": "https://registry.npmjs.org/jss-plugin-global/-/jss-plugin-global-10.0.0-alpha.16.tgz",
      "integrity": "sha512-B1mm2ZF9OEsWPmzkG5ZUXqV88smDqpc4unILLXhWVuj0U5JeT0DNitH+QbXFrSueDJzkWVfvqyckvWDR/0qeDg==",
      "requires": {
        "@babel/runtime": "^7.3.1",
        "jss": "10.0.0-alpha.16"
      },
      "dependencies": {
        "@babel/runtime": {
          "version": "7.4.5",
          "resolved": "https://registry.npmjs.org/@babel/runtime/-/runtime-7.4.5.tgz",
          "integrity": "sha512-TuI4qpWZP6lGOGIuGWtp9sPluqYICmbk8T/1vpSysqJxRPkudh/ofFWyqdcMsDf2s7KvDL4/YHgKyvcS3g9CJQ==",
          "requires": {
            "regenerator-runtime": "^0.13.2"
          }
        },
        "regenerator-runtime": {
          "version": "0.13.2",
          "resolved": "https://registry.npmjs.org/regenerator-runtime/-/regenerator-runtime-0.13.2.tgz",
          "integrity": "sha512-S/TQAZJO+D3m9xeN1WTI8dLKBBiRgXBlTJvbWjCThHWZj9EvHK70Ff50/tYj2J/fvBY6JtFVwRuazHN2E7M9BA=="
        }
      }
    },
    "jss-plugin-nested": {
      "version": "10.0.0-alpha.16",
      "resolved": "https://registry.npmjs.org/jss-plugin-nested/-/jss-plugin-nested-10.0.0-alpha.16.tgz",
      "integrity": "sha512-3l/MB6COnIpq4GOXQFae6UydoaIPa81UxhuBTEQuiAojgTeUla9L7nB3h18Q4zAhQQpjxaEsyppAKuEzIP7kPQ==",
      "requires": {
        "@babel/runtime": "^7.3.1",
        "jss": "10.0.0-alpha.16",
        "tiny-warning": "^1.0.2"
      },
      "dependencies": {
        "@babel/runtime": {
          "version": "7.4.5",
          "resolved": "https://registry.npmjs.org/@babel/runtime/-/runtime-7.4.5.tgz",
          "integrity": "sha512-TuI4qpWZP6lGOGIuGWtp9sPluqYICmbk8T/1vpSysqJxRPkudh/ofFWyqdcMsDf2s7KvDL4/YHgKyvcS3g9CJQ==",
          "requires": {
            "regenerator-runtime": "^0.13.2"
          }
        },
        "regenerator-runtime": {
          "version": "0.13.2",
          "resolved": "https://registry.npmjs.org/regenerator-runtime/-/regenerator-runtime-0.13.2.tgz",
          "integrity": "sha512-S/TQAZJO+D3m9xeN1WTI8dLKBBiRgXBlTJvbWjCThHWZj9EvHK70Ff50/tYj2J/fvBY6JtFVwRuazHN2E7M9BA=="
        }
      }
    },
    "jss-plugin-props-sort": {
      "version": "10.0.0-alpha.16",
      "resolved": "https://registry.npmjs.org/jss-plugin-props-sort/-/jss-plugin-props-sort-10.0.0-alpha.16.tgz",
      "integrity": "sha512-+Yn9nugHAH58nf/d43H2uxMvlCFPDgLKRSmKO4Q4m1IGYjMbHsWt1Rk2HfC9IiCanqcqpc8hstwtzf+HG7PWFQ==",
      "requires": {
        "@babel/runtime": "^7.3.1",
        "jss": "10.0.0-alpha.16"
      },
      "dependencies": {
        "@babel/runtime": {
          "version": "7.4.5",
          "resolved": "https://registry.npmjs.org/@babel/runtime/-/runtime-7.4.5.tgz",
          "integrity": "sha512-TuI4qpWZP6lGOGIuGWtp9sPluqYICmbk8T/1vpSysqJxRPkudh/ofFWyqdcMsDf2s7KvDL4/YHgKyvcS3g9CJQ==",
          "requires": {
            "regenerator-runtime": "^0.13.2"
          }
        },
        "regenerator-runtime": {
          "version": "0.13.2",
          "resolved": "https://registry.npmjs.org/regenerator-runtime/-/regenerator-runtime-0.13.2.tgz",
          "integrity": "sha512-S/TQAZJO+D3m9xeN1WTI8dLKBBiRgXBlTJvbWjCThHWZj9EvHK70Ff50/tYj2J/fvBY6JtFVwRuazHN2E7M9BA=="
        }
      }
    },
    "jss-plugin-rule-value-function": {
      "version": "10.0.0-alpha.16",
      "resolved": "https://registry.npmjs.org/jss-plugin-rule-value-function/-/jss-plugin-rule-value-function-10.0.0-alpha.16.tgz",
      "integrity": "sha512-MQap9ne6ZGZH0NlpSQTMSm6QalBTF0hYpd2uaGQwam+GlT7IKeO+sTjd46I1WgO3kyOmwb0pIY6CnuLQGXKtSA==",
      "requires": {
        "@babel/runtime": "^7.3.1",
        "jss": "10.0.0-alpha.16"
      },
      "dependencies": {
        "@babel/runtime": {
          "version": "7.4.5",
          "resolved": "https://registry.npmjs.org/@babel/runtime/-/runtime-7.4.5.tgz",
          "integrity": "sha512-TuI4qpWZP6lGOGIuGWtp9sPluqYICmbk8T/1vpSysqJxRPkudh/ofFWyqdcMsDf2s7KvDL4/YHgKyvcS3g9CJQ==",
          "requires": {
            "regenerator-runtime": "^0.13.2"
          }
        },
        "regenerator-runtime": {
          "version": "0.13.2",
          "resolved": "https://registry.npmjs.org/regenerator-runtime/-/regenerator-runtime-0.13.2.tgz",
          "integrity": "sha512-S/TQAZJO+D3m9xeN1WTI8dLKBBiRgXBlTJvbWjCThHWZj9EvHK70Ff50/tYj2J/fvBY6JtFVwRuazHN2E7M9BA=="
        }
      }
    },
    "jss-plugin-vendor-prefixer": {
      "version": "10.0.0-alpha.16",
      "resolved": "https://registry.npmjs.org/jss-plugin-vendor-prefixer/-/jss-plugin-vendor-prefixer-10.0.0-alpha.16.tgz",
      "integrity": "sha512-70yJ6QE5dN8VlPUGKld5jK2SKyrteheEL/ismexpybIufunMs6iJgkhDndbOfv8ia13yZgUVqeakMdhRKYwK1A==",
      "requires": {
        "@babel/runtime": "^7.3.1",
        "css-vendor": "^2.0.1",
        "jss": "10.0.0-alpha.16"
      },
      "dependencies": {
        "@babel/runtime": {
          "version": "7.4.5",
          "resolved": "https://registry.npmjs.org/@babel/runtime/-/runtime-7.4.5.tgz",
          "integrity": "sha512-TuI4qpWZP6lGOGIuGWtp9sPluqYICmbk8T/1vpSysqJxRPkudh/ofFWyqdcMsDf2s7KvDL4/YHgKyvcS3g9CJQ==",
          "requires": {
            "regenerator-runtime": "^0.13.2"
          }
        },
        "regenerator-runtime": {
          "version": "0.13.2",
          "resolved": "https://registry.npmjs.org/regenerator-runtime/-/regenerator-runtime-0.13.2.tgz",
          "integrity": "sha512-S/TQAZJO+D3m9xeN1WTI8dLKBBiRgXBlTJvbWjCThHWZj9EvHK70Ff50/tYj2J/fvBY6JtFVwRuazHN2E7M9BA=="
        }
      }
    },
    "loose-envify": {
      "version": "1.4.0",
      "resolved": "https://registry.npmjs.org/loose-envify/-/loose-envify-1.4.0.tgz",
      "integrity": "sha512-lyuxPGr/Wfhrlem2CL/UcnUc1zcqKAImBDzukY7Y5F/yQiNdko6+fRLevlw1HgMySw7f611UIY408EtxRSoK3Q==",
      "requires": {
        "js-tokens": "^3.0.0 || ^4.0.0"
      }
    },
    "nanoid": {
      "version": "3.3.4",
      "resolved": "https://registry.npmjs.org/nanoid/-/nanoid-3.3.4.tgz",
      "integrity": "sha512-MqBkQh/OHTS2egovRtLk45wEyNXwF+cokD+1YPf9u5VfJiRdAiRwB2froX5Co9Rh20xs4siNPm8naNotSD6RBw=="
    },
    "next": {
      "version": "13.1.1",
      "resolved": "https://registry.npmjs.org/next/-/next-13.1.1.tgz",
      "integrity": "sha512-R5eBAaIa3X7LJeYvv1bMdGnAVF4fVToEjim7MkflceFPuANY3YyvFxXee/A+acrSYwYPvOvf7f6v/BM/48ea5w==",
      "requires": {
        "@next/env": "13.1.1",
        "@next/swc-android-arm-eabi": "13.1.1",
        "@next/swc-android-arm64": "13.1.1",
        "@next/swc-darwin-arm64": "13.1.1",
        "@next/swc-darwin-x64": "13.1.1",
        "@next/swc-freebsd-x64": "13.1.1",
        "@next/swc-linux-arm-gnueabihf": "13.1.1",
        "@next/swc-linux-arm64-gnu": "13.1.1",
        "@next/swc-linux-arm64-musl": "13.1.1",
        "@next/swc-linux-x64-gnu": "13.1.1",
        "@next/swc-linux-x64-musl": "13.1.1",
        "@next/swc-win32-arm64-msvc": "13.1.1",
        "@next/swc-win32-ia32-msvc": "13.1.1",
        "@next/swc-win32-x64-msvc": "13.1.1",
        "@swc/helpers": "0.4.14",
        "caniuse-lite": "^1.0.30001406",
        "postcss": "8.4.14",
        "styled-jsx": "5.1.1"
      }
    },
    "normalize-scroll-left": {
      "version": "0.1.2",
      "resolved": "https://registry.npmjs.org/normalize-scroll-left/-/normalize-scroll-left-0.1.2.tgz",
      "integrity": "sha512-F9YMRls0zCF6BFIE2YnXDRpHPpfd91nOIaNdDgrx5YMoPLo8Wqj+6jNXHQsYBavJeXP4ww8HCt0xQAKc5qk2Fg=="
    },
    "object-assign": {
      "version": "4.1.1",
      "resolved": "https://registry.npmjs.org/object-assign/-/object-assign-4.1.1.tgz",
      "integrity": "sha1-IQmtx5ZYh8/AXLvUQsrIv7s2CGM="
    },
    "parse-unit": {
      "version": "1.0.1",
      "resolved": "https://registry.npmjs.org/parse-unit/-/parse-unit-1.0.1.tgz",
      "integrity": "sha1-fhu21b7zh0wo45JSaiVBFwKR7s8="
    },
    "picocolors": {
      "version": "1.0.0",
      "resolved": "https://registry.npmjs.org/picocolors/-/picocolors-1.0.0.tgz",
      "integrity": "sha512-1fygroTLlHu66zi26VoTDv8yRgm0Fccecssto+MhsZ0D/DGW2sm8E8AjW7NU5VVTRt5GxbeZ5qBuJr+HyLYkjQ=="
    },
    "popper.js": {
      "version": "1.15.0",
      "resolved": "https://registry.npmjs.org/popper.js/-/popper.js-1.15.0.tgz",
      "integrity": "sha512-w010cY1oCUmI+9KwwlWki+r5jxKfTFDVoadl7MSrIujHU5MJ5OR6HTDj6Xo8aoR/QsA56x8jKjA59qGH4ELtrA=="
    },
    "postcss": {
      "version": "8.4.14",
      "resolved": "https://registry.npmjs.org/postcss/-/postcss-8.4.14.tgz",
      "integrity": "sha512-E398TUmfAYFPBSdzgeieK2Y1+1cpdxJx8yXbK/m57nRhKSmk1GB2tO4lbLBtlkfPQTDKfe4Xqv1ASWPpayPEig==",
      "requires": {
        "nanoid": "^3.3.4",
        "picocolors": "^1.0.0",
        "source-map-js": "^1.0.2"
      }
    },
    "prop-types": {
      "version": "15.6.2",
      "resolved": "https://registry.npmjs.org/prop-types/-/prop-types-15.6.2.tgz",
      "integrity": "sha512-3pboPvLiWD7dkI3qf3KbUe6hKFKa52w+AE0VCqECtf+QHAKgOL37tTaNCnuX1nAAQ4ZhyP+kYVKf8rLmJ/feDQ==",
      "requires": {
        "loose-envify": "^1.3.1",
        "object-assign": "^4.1.1"
      }
    },
    "react": {
      "version": "16.8.6",
      "resolved": "https://registry.npmjs.org/react/-/react-16.8.6.tgz",
      "integrity": "sha512-pC0uMkhLaHm11ZSJULfOBqV4tIZkx87ZLvbbQYunNixAAvjnC+snJCg0XQXn9VIsttVsbZP/H/ewzgsd5fxKXw==",
      "requires": {
        "loose-envify": "^1.1.0",
        "object-assign": "^4.1.1",
        "prop-types": "^15.6.2",
        "scheduler": "^0.13.6"
      }
    },
    "react-dom": {
      "version": "16.8.6",
      "resolved": "https://registry.npmjs.org/react-dom/-/react-dom-16.8.6.tgz",
      "integrity": "sha512-1nL7PIq9LTL3fthPqwkvr2zY7phIPjYrT0jp4HjyEQrEROnw4dG41VVwi/wfoCneoleqrNX7iAD+pXebJZwrwA==",
      "requires": {
        "loose-envify": "^1.1.0",
        "object-assign": "^4.1.1",
        "prop-types": "^15.6.2",
        "scheduler": "^0.13.6"
      }
    },
    "react-event-listener": {
      "version": "0.6.6",
      "resolved": "https://registry.npmjs.org/react-event-listener/-/react-event-listener-0.6.6.tgz",
      "integrity": "sha512-+hCNqfy7o9wvO6UgjqFmBzARJS7qrNoda0VqzvOuioEpoEXKutiKuv92dSz6kP7rYLmyHPyYNLesi5t/aH1gfw==",
      "requires": {
        "@babel/runtime": "^7.2.0",
        "prop-types": "^15.6.0",
        "warning": "^4.0.1"
      },
      "dependencies": {
        "@babel/runtime": {
          "version": "7.4.5",
          "resolved": "https://registry.npmjs.org/@babel/runtime/-/runtime-7.4.5.tgz",
          "integrity": "sha512-TuI4qpWZP6lGOGIuGWtp9sPluqYICmbk8T/1vpSysqJxRPkudh/ofFWyqdcMsDf2s7KvDL4/YHgKyvcS3g9CJQ==",
          "requires": {
            "regenerator-runtime": "^0.13.2"
          }
        },
        "regenerator-runtime": {
          "version": "0.13.2",
          "resolved": "https://registry.npmjs.org/regenerator-runtime/-/regenerator-runtime-0.13.2.tgz",
          "integrity": "sha512-S/TQAZJO+D3m9xeN1WTI8dLKBBiRgXBlTJvbWjCThHWZj9EvHK70Ff50/tYj2J/fvBY6JtFVwRuazHN2E7M9BA=="
        }
      }
    },
    "react-is": {
      "version": "16.8.6",
      "resolved": "https://registry.npmjs.org/react-is/-/react-is-16.8.6.tgz",
      "integrity": "sha512-aUk3bHfZ2bRSVFFbbeVS4i+lNPZr3/WM5jT2J5omUVV1zzcs1nAaf3l51ctA5FFvCRbhrH0bdAsRRQddFJZPtA=="
    },
    "react-pure-lifecycle": {
      "version": "3.0.0",
      "resolved": "https://registry.npmjs.org/react-pure-lifecycle/-/react-pure-lifecycle-3.0.0.tgz",
      "integrity": "sha512-jERjJ/SxA2ErtYOlwSV3AzdEU3zAs4g0UTL3zJp7X29fV71gKJEKVV36WkMc0Jeh7xIT5Z1Incam+auon5SElA=="
    },
    "react-transition-group": {
      "version": "4.1.0",
      "resolved": "https://registry.npmjs.org/react-transition-group/-/react-transition-group-4.1.0.tgz",
      "integrity": "sha512-/OITbogb3emGN49WaP7468QGSde7er5w6eIHldIDCSQBq/9QTSCzs8OgpgmOnaUXCXzBUcK1zoZ6DqRlM8CJtA==",
      "requires": {
        "dom-helpers": "^3.4.0",
        "loose-envify": "^1.4.0",
        "prop-types": "^15.6.2"
      }
    },
    "regenerator-runtime": {
      "version": "0.12.1",
      "resolved": "https://registry.npmjs.org/regenerator-runtime/-/regenerator-runtime-0.12.1.tgz",
      "integrity": "sha512-odxIc1/vDlo4iZcfXqRYFj0vpXFNoGdKMAUieAlFYO6m/nl5e9KR/beGf41z4a1FI+aQgtjhuaSlDxQ0hmkrHg=="
    },
    "scheduler": {
      "version": "0.13.6",
      "resolved": "https://registry.npmjs.org/scheduler/-/scheduler-0.13.6.tgz",
      "integrity": "sha512-IWnObHt413ucAYKsD9J1QShUKkbKLQQHdxRyw73sw4FN26iWr3DY/H34xGPe4nmL1DwXyWmSWmMrA9TfQbE/XQ==",
      "requires": {
        "loose-envify": "^1.1.0",
        "object-assign": "^4.1.1"
      }
    },
    "source-map": {
      "version": "0.6.1",
      "resolved": "https://registry.npmjs.org/source-map/-/source-map-0.6.1.tgz",
      "integrity": "sha512-UjgapumWlbMhkBgzT7Ykc5YXUT46F0iKu8SGXq0bcwP5dz/h0Plj6enJqjz1Zbq2l5WaqYnrVbwWOWMyF3F47g==",
      "dev": true
    },
    "source-map-js": {
      "version": "1.0.2",
      "resolved": "https://registry.npmjs.org/source-map-js/-/source-map-js-1.0.2.tgz",
      "integrity": "sha512-R0XvVJ9WusLiqTCEiGCmICCMplcCkIwwR11mOSD9CR5u+IXYdiseeEuXCVAjS54zqwkLcPNnmU4OeJ6tUrWhDw=="
    },
    "styled-jsx": {
      "version": "5.1.1",
      "resolved": "https://registry.npmjs.org/styled-jsx/-/styled-jsx-5.1.1.tgz",
      "integrity": "sha512-pW7uC1l4mBZ8ugbiZrcIsiIvVx1UmTfw7UkC3Um2tmfUq9Bhk8IiyEIPl6F8agHgjzku6j0xQEZbfA5uSgSaCw==",
      "requires": {
        "client-only": "0.0.1"
      }
    },
    "tiny-warning": {
      "version": "1.0.2",
      "resolved": "https://registry.npmjs.org/tiny-warning/-/tiny-warning-1.0.2.tgz",
      "integrity": "sha512-rru86D9CpQRLvsFG5XFdy0KdLAvjdQDyZCsRcuu60WtzFylDM3eAWSxEVz5kzL2Gp544XiUvPbVKtOA/txLi9Q=="
    },
    "tslib": {
      "version": "2.4.1",
      "resolved": "https://registry.npmjs.org/tslib/-/tslib-2.4.1.tgz",
      "integrity": "sha512-tGyy4dAjRIEwI7BzsB0lynWgOpfqjUdq91XXAlIWD2OwKBH7oCl/GZG/HT4BOHrTlPMOASlMQ7veyTqpmRcrNA=="
    },
    "warning": {
      "version": "4.0.3",
      "resolved": "https://registry.npmjs.org/warning/-/warning-4.0.3.tgz",
      "integrity": "sha512-rpJyN222KWIvHJ/F53XSZv0Zl/accqHR8et1kpaMTD/fLCRxtV8iX8czMzY7sVZupTI3zcUTg8eycS2kNF9l6w==",
      "requires": {
        "loose-envify": "^1.0.0"
      }
    }
  }
}
